{
  "name": "vgmplay-js-2",
  "lockfileVersion": 3,
  "requires": true,
  "packages": {
    "": {
      "dependencies": {
        "libarchive-wasm": "^1.2.0",
        "node-unrar-js": "^2.0.2"
      }
    },
    "node_modules/libarchive-wasm": {
      "version": "1.2.0",
      "resolved": "https://registry.npmjs.org/libarchive-wasm/-/libarchive-wasm-1.2.0.tgz",
      "integrity": "sha512-aunFn8oL9VwGRj+brRvdOv8BRUD4Ea1WxJW45IdiuXE2Vp/m/X+M1UxSU+yPzXfc1mPPC8AARaflg/CtF11u8g==",
      "license": "MIT"
    },
    "node_modules/node-unrar-js": {
      "version": "2.0.2",
      "resolved": "https://registry.npmjs.org/node-unrar-js/-/node-unrar-js-2.0.2.tgz",
      "integrity": "sha512-hLNmoJzqaKJnod8yiTVGe9hnlNRHotUi0CreSv/8HtfRi/3JnRC8DvsmKfeGGguRjTEulhZK6zXX5PXoVuDZ2w==",
      "license": "MIT",
      "engines": {
        "node": ">=10.0.0"
      }
    }
  }
}
